
Microsoft Visual Studio Solution File, Format Version 12.00
# Visual Studio Version 17
VisualStudioVersion = 17.14.36109.1 d17.14
MinimumVisualStudioVersion = 10.0.40219.1
Project("{FAE04EC0-301F-11D3-BF4B-00C04F79EFBC}") = "Calculator", "Calculator.csproj", "{22F1B3C2-9894-4F9B-8A8D-F59D01F6AC0C}"
EndProject
Global
	GlobalSection(SolutionConfigurationPlatforms) = preSolution
		Debug|Any CPU = Debug|Any CPU
		Release|Any CPU = Release|Any CPU
	EndGlobalSection
	GlobalSection(ProjectConfigurationPlatforms) = postSolution
		{22F1B3C2-9894-4F9B-8A8D-F59D01F6AC0C}.Debug|Any CPU.ActiveCfg = Debug|Any CPU
		{22F1B3C2-9894-4F9B-8A8D-F59D01F6AC0C}.Debug|Any CPU.Build.0 = Debug|Any CPU
		{22F1B3C2-9894-4F9B-8A8D-F59D01F6AC0C}.Release|Any CPU.ActiveCfg = Release|Any CPU
		{22F1B3C2-9894-4F9B-8A8D-F59D01F6AC0C}.Release|Any CPU.Build.0 = Release|Any CPU
	EndGlobalSection
	GlobalSection(SolutionProperties) = preSolution
		HideSolutionNode = FALSE
	EndGlobalSection
	GlobalSection(ExtensibilityGlobals) = postSolution
		SolutionGuid = {0A544B59-81AC-4E17-B22A-CC8076AC1295}
	EndGlobalSection
EndGlobal
