
Microsoft Visual Studio Solution File, Format Version 12.00
# Visual Studio Version 17
VisualStudioVersion = 17.14.36109.1 d17.14
MinimumVisualStudioVersion = 10.0.40219.1
Project("{FAE04EC0-301F-11D3-BF4B-00C04F79EFBC}") = "PuyoPuyo", "PuyoPuyo.csproj", "{53E5DE61-C9BB-4D4F-8BE5-6890AA9FB5F5}"
EndProject
Global
	GlobalSection(SolutionConfigurationPlatforms) = preSolution
		Debug|Any CPU = Debug|Any CPU
		Release|Any CPU = Release|Any CPU
	EndGlobalSection
	GlobalSection(ProjectConfigurationPlatforms) = postSolution
		{53E5DE61-C9BB-4D4F-8BE5-6890AA9FB5F5}.Debug|Any CPU.ActiveCfg = Debug|Any CPU
		{53E5DE61-C9BB-4D4F-8BE5-6890AA9FB5F5}.Debug|Any CPU.Build.0 = Debug|Any CPU
		{53E5DE61-C9BB-4D4F-8BE5-6890AA9FB5F5}.Release|Any CPU.ActiveCfg = Release|Any CPU
		{53E5DE61-C9BB-4D4F-8BE5-6890AA9FB5F5}.Release|Any CPU.Build.0 = Release|Any CPU
	EndGlobalSection
	GlobalSection(SolutionProperties) = preSolution
		HideSolutionNode = FALSE
	EndGlobalSection
	GlobalSection(ExtensibilityGlobals) = postSolution
		SolutionGuid = {A41FEB66-FF79-4BEA-B769-AF479C88134D}
	EndGlobalSection
EndGlobal
