
Microsoft Visual Studio Solution File, Format Version 12.00
# Visual Studio Version 17
VisualStudioVersion = 17.14.36109.1 d17.14
MinimumVisualStudioVersion = 10.0.40219.1
Project("{FAE04EC0-301F-11D3-BF4B-00C04F79EFBC}") = "Puyopuyo", "Puyopuyo.csproj", "{3F663F17-A6E1-4AE0-B2A9-24F6BE021F99}"
EndProject
Global
	GlobalSection(SolutionConfigurationPlatforms) = preSolution
		Debug|Any CPU = Debug|Any CPU
		Release|Any CPU = Release|Any CPU
	EndGlobalSection
	GlobalSection(ProjectConfigurationPlatforms) = postSolution
		{3F663F17-A6E1-4AE0-B2A9-24F6BE021F99}.Debug|Any CPU.ActiveCfg = Debug|Any CPU
		{3F663F17-A6E1-4AE0-B2A9-24F6BE021F99}.Debug|Any CPU.Build.0 = Debug|Any CPU
		{3F663F17-A6E1-4AE0-B2A9-24F6BE021F99}.Release|Any CPU.ActiveCfg = Release|Any CPU
		{3F663F17-A6E1-4AE0-B2A9-24F6BE021F99}.Release|Any CPU.Build.0 = Release|Any CPU
	EndGlobalSection
	GlobalSection(SolutionProperties) = preSolution
		HideSolutionNode = FALSE
	EndGlobalSection
	GlobalSection(ExtensibilityGlobals) = postSolution
		SolutionGuid = {E32994DE-586F-4111-B60A-64693463449B}
	EndGlobalSection
EndGlobal
